// !$*UTF8*$!
{
	archiveVersion = 1;
	classes = {
	};
	objectVersion = 46;
	objects = {

/* Begin PBXBuildFile section */
		D2B03A1C1A2C6CC2009982F8 /* AppDelegate.m in Sources */ = {isa = PBXBuildFile; fileRef = D2B03A1B1A2C6CC2009982F8 /* AppDelegate.m */; };
		D2B03A1E1A2C6CC2009982F8 /* main.m in Sources */ = {isa = PBXBuildFile; fileRef = D2B03A1D1A2C6CC2009982F8 /* main.m */; };
		D2B03A211A2C6CC2009982F8 /* Document.m in Sources */ = {isa = PBXBuildFile; fileRef = D2B03A201A2C6CC2009982F8 /* Document.m */; };
		D2B03A241A2C6CC2009982F8 /* Document.xib in Resources */ = {isa = PBXBuildFile; fileRef = D2B03A221A2C6CC2009982F8 /* Document.xib */; };
		D2B03A271A2C6CC2009982F8 /* Document.xcdatamodeld in Sources */ = {isa = PBXBuildFile; fileRef = D2B03A251A2C6CC2009982F8 /* Document.xcdatamodeld */; };
		D2B03A291A2C6CC2009982F8 /* Images.xcassets in Resources */ = {isa = PBXBuildFile; fileRef = D2B03A281A2C6CC2009982F8 /* Images.xcassets */; };
		D2B03A2C1A2C6CC2009982F8 /* MainMenu.xib in Resources */ = {isa = PBXBuildFile; fileRef = D2B03A2A1A2C6CC2009982F8 /* MainMenu.xib */; };
		D2B03A381A2C6CC3009982F8 /* RegisterTests.m in Sources */ = {isa = PBXBuildFile; fileRef = D2B03A371A2C6CC3009982F8 /* RegisterTests.m */; };
		D2B03A441A2C6E11009982F8 /* ManagingViewController.m in Sources */ = {isa = PBXBuildFile; fileRef = D2B03A421A2C6E11009982F8 /* ManagingViewController.m */; };
		D2B03A491A2C6E2C009982F8 /* DepartmentViewController.m in Sources */ = {isa = PBXBuildFile; fileRef = D2B03A471A2C6E2C009982F8 /* DepartmentViewController.m */; };
		D2B03A4A1A2C6E2C009982F8 /* DepartmentViewController.xib in Resources */ = {isa = PBXBuildFile; fileRef = D2B03A481A2C6E2C009982F8 /* DepartmentViewController.xib */; };
		D2B03A4E1A2C6F8A009982F8 /* EmployeeViewController.m in Sources */ = {isa = PBXBuildFile; fileRef = D2B03A4C1A2C6F8A009982F8 /* EmployeeViewController.m */; };
		D2B03A4F1A2C6F8A009982F8 /* EmployeeViewController.xib in Resources */ = {isa = PBXBuildFile; fileRef = D2B03A4D1A2C6F8A009982F8 /* EmployeeViewController.xib */; };
		D2B03A581A2C92C3009982F8 /* Employee.m in Sources */ = {isa = PBXBuildFile; fileRef = D2B03A571A2C92C3009982F8 /* Employee.m */; };
		D2B03A5B1A2C92C3009982F8 /* Department.m in Sources */ = {isa = PBXBuildFile; fileRef = D2B03A5A1A2C92C3009982F8 /* Department.m */; };
/* End PBXBuildFile section */

/* Begin PBXContainerItemProxy section */
		D2B03A321A2C6CC3009982F8 /* PBXContainerItemProxy */ = {
			isa = PBXContainerItemProxy;
			containerPortal = D2B03A0D1A2C6CC2009982F8 /* Project object */;
			proxyType = 1;
			remoteGlobalIDString = D2B03A141A2C6CC2009982F8;
			remoteInfo = Register;
		};
/* End PBXContainerItemProxy section */

/* Begin PBXFileReference section */
		D2B03A151A2C6CC2009982F8 /* Register.app */ = {isa = PBXFileReference; explicitFileType = wrapper.application; includeInIndex = 0; path = Register.app; sourceTree = BUILT_PRODUCTS_DIR; };
		D2B03A191A2C6CC2009982F8 /* Info.plist */ = {isa = PBXFileReference; lastKnownFileType = text.plist.xml; path = Info.plist; sourceTree = "<group>"; };
		D2B03A1A1A2C6CC2009982F8 /* AppDelegate.h */ = {isa = PBXFileReference; lastKnownFileType = sourcecode.c.h; path = AppDelegate.h; sourceTree = "<group>"; };
		D2B03A1B1A2C6CC2009982F8 /* AppDelegate.m */ = {isa = PBXFileReference; lastKnownFileType = sourcecode.c.objc; path = AppDelegate.m; sourceTree = "<group>"; };
		D2B03A1D1A2C6CC2009982F8 /* main.m */ = {isa = PBXFileReference; lastKnownFileType = sourcecode.c.objc; path = main.m; sourceTree = "<group>"; };
		D2B03A1F1A2C6CC2009982F8 /* Document.h */ = {isa = PBXFileReference; lastKnownFileType = sourcecode.c.h; path = Document.h; sourceTree = "<group>"; };
		D2B03A201A2C6CC2009982F8 /* Document.m */ = {isa = PBXFileReference; lastKnownFileType = sourcecode.c.objc; path = Document.m; sourceTree = "<group>"; };
		D2B03A231A2C6CC2009982F8 /* Base */ = {isa = PBXFileReference; lastKnownFileType = file.xib; name = Base; path = Base.lproj/Document.xib; sourceTree = "<group>"; };
		D2B03A261A2C6CC2009982F8 /* Document.xcdatamodel */ = {isa = PBXFileReference; lastKnownFileType = wrapper.xcdatamodel; path = Document.xcdatamodel; sourceTree = "<group>"; };
		D2B03A281A2C6CC2009982F8 /* Images.xcassets */ = {isa = PBXFileReference; lastKnownFileType = folder.assetcatalog; path = Images.xcassets; sourceTree = "<group>"; };
		D2B03A2B1A2C6CC2009982F8 /* Base */ = {isa = PBXFileReference; lastKnownFileType = file.xib; name = Base; path = Base.lproj/MainMenu.xib; sourceTree = "<group>"; };
		D2B03A311A2C6CC3009982F8 /* RegisterTests.xctest */ = {isa = PBXFileReference; explicitFileType = wrapper.cfbundle; includeInIndex = 0; path = RegisterTests.xctest; sourceTree = BUILT_PRODUCTS_DIR; };
		D2B03A361A2C6CC3009982F8 /* Info.plist */ = {isa = PBXFileReference; lastKnownFileType = text.plist.xml; path = Info.plist; sourceTree = "<group>"; };
		D2B03A371A2C6CC3009982F8 /* RegisterTests.m */ = {isa = PBXFileReference; lastKnownFileType = sourcecode.c.objc; path = RegisterTests.m; sourceTree = "<group>"; };
		D2B03A411A2C6E11009982F8 /* ManagingViewController.h */ = {isa = PBXFileReference; fileEncoding = 4; lastKnownFileType = sourcecode.c.h; path = ManagingViewController.h; sourceTree = "<group>"; };
		D2B03A421A2C6E11009982F8 /* ManagingViewController.m */ = {isa = PBXFileReference; fileEncoding = 4; lastKnownFileType = sourcecode.c.objc; path = ManagingViewController.m; sourceTree = "<group>"; };
		D2B03A461A2C6E2C009982F8 /* DepartmentViewController.h */ = {isa = PBXFileReference; fileEncoding = 4; lastKnownFileType = sourcecode.c.h; path = DepartmentViewController.h; sourceTree = "<group>"; };
		D2B03A471A2C6E2C009982F8 /* DepartmentViewController.m */ = {isa = PBXFileReference; fileEncoding = 4; lastKnownFileType = sourcecode.c.objc; path = DepartmentViewController.m; sourceTree = "<group>"; };
		D2B03A481A2C6E2C009982F8 /* DepartmentViewController.xib */ = {isa = PBXFileReference; fileEncoding = 4; lastKnownFileType = file.xib; path = DepartmentViewController.xib; sourceTree = "<group>"; };
		D2B03A4B1A2C6F8A009982F8 /* EmployeeViewController.h */ = {isa = PBXFileReference; fileEncoding = 4; lastKnownFileType = sourcecode.c.h; path = EmployeeViewController.h; sourceTree = "<group>"; };
		D2B03A4C1A2C6F8A009982F8 /* EmployeeViewController.m */ = {isa = PBXFileReference; fileEncoding = 4; lastKnownFileType = sourcecode.c.objc; path = EmployeeViewController.m; sourceTree = "<group>"; };
		D2B03A4D1A2C6F8A009982F8 /* EmployeeViewController.xib */ = {isa = PBXFileReference; fileEncoding = 4; lastKnownFileType = file.xib; path = EmployeeViewController.xib; sourceTree = "<group>"; };
		D2B03A561A2C92C3009982F8 /* Employee.h */ = {isa = PBXFileReference; fileEncoding = 4; lastKnownFileType = sourcecode.c.h; name = Employee.h; path = ../Employee.h; sourceTree = "<group>"; };
		D2B03A571A2C92C3009982F8 /* Employee.m */ = {isa = PBXFileReference; fileEncoding = 4; lastKnownFileType = sourcecode.c.objc; name = Employee.m; path = ../Employee.m; sourceTree = "<group>"; };
		D2B03A591A2C92C3009982F8 /* Department.h */ = {isa = PBXFileReference; fileEncoding = 4; lastKnownFileType = sourcecode.c.h; name = Department.h; path = ../Department.h; sourceTree = "<group>"; };
		D2B03A5A1A2C92C3009982F8 /* Department.m */ = {isa = PBXFileReference; fileEncoding = 4; lastKnownFileType = sourcecode.c.objc; name = Department.m; path = ../Department.m; sourceTree = "<group>"; };
/* End PBXFileReference section */

/* Begin PBXFrameworksBuildPhase section */
		D2B03A121A2C6CC2009982F8 /* Frameworks */ = {
			isa = PBXFrameworksBuildPhase;
			buildActionMask = 2147483647;
			files = (
			);
			runOnlyForDeploymentPostprocessing = 0;
		};
		D2B03A2E1A2C6CC3009982F8 /* Frameworks */ = {
			isa = PBXFrameworksBuildPhase;
			buildActionMask = 2147483647;
			files = (
			);
			runOnlyForDeploymentPostprocessing = 0;
		};
/* End PBXFrameworksBuildPhase section */

/* Begin PBXGroup section */
		D2B03A0C1A2C6CC2009982F8 = {
			isa = PBXGroup;
			children = (
				D2B03A171A2C6CC2009982F8 /* Register */,
				D2B03A341A2C6CC3009982F8 /* RegisterTests */,
				D2B03A161A2C6CC2009982F8 /* Products */,
			);
			sourceTree = "<group>";
		};
		D2B03A161A2C6CC2009982F8 /* Products */ = {
			isa = PBXGroup;
			children = (
				D2B03A151A2C6CC2009982F8 /* Register.app */,
				D2B03A311A2C6CC3009982F8 /* RegisterTests.xctest */,
			);
			name = Products;
			sourceTree = "<group>";
		};
		D2B03A171A2C6CC2009982F8 /* Register */ = {
			isa = PBXGroup;
			children = (
				D2B03A591A2C92C3009982F8 /* Department.h */,
				D2B03A5A1A2C92C3009982F8 /* Department.m */,
				D2B03A561A2C92C3009982F8 /* Employee.h */,
				D2B03A571A2C92C3009982F8 /* Employee.m */,
				D2B03A1A1A2C6CC2009982F8 /* AppDelegate.h */,
				D2B03A1B1A2C6CC2009982F8 /* AppDelegate.m */,
				D2B03A1F1A2C6CC2009982F8 /* Document.h */,
				D2B03A201A2C6CC2009982F8 /* Document.m */,
				D2B03A411A2C6E11009982F8 /* ManagingViewController.h */,
				D2B03A421A2C6E11009982F8 /* ManagingViewController.m */,
				D2B03A4B1A2C6F8A009982F8 /* EmployeeViewController.h */,
				D2B03A4C1A2C6F8A009982F8 /* EmployeeViewController.m */,
				D2B03A4D1A2C6F8A009982F8 /* EmployeeViewController.xib */,
				D2B03A461A2C6E2C009982F8 /* DepartmentViewController.h */,
				D2B03A471A2C6E2C009982F8 /* DepartmentViewController.m */,
				D2B03A481A2C6E2C009982F8 /* DepartmentViewController.xib */,
				D2B03A221A2C6CC2009982F8 /* Document.xib */,
				D2B03A281A2C6CC2009982F8 /* Images.xcassets */,
				D2B03A2A1A2C6CC2009982F8 /* MainMenu.xib */,
				D2B03A251A2C6CC2009982F8 /* Document.xcdatamodeld */,
				D2B03A181A2C6CC2009982F8 /* Supporting Files */,
			);
			path = Register;
			sourceTree = "<group>";
		};
		D2B03A181A2C6CC2009982F8 /* Supporting Files */ = {
			isa = PBXGroup;
			children = (
				D2B03A191A2C6CC2009982F8 /* Info.plist */,
				D2B03A1D1A2C6CC2009982F8 /* main.m */,
			);
			name = "Supporting Files";
			sourceTree = "<group>";
		};
		D2B03A341A2C6CC3009982F8 /* RegisterTests */ = {
			isa = PBXGroup;
			children = (
				D2B03A371A2C6CC3009982F8 /* RegisterTests.m */,
				D2B03A351A2C6CC3009982F8 /* Supporting Files */,
			);
			path = RegisterTests;
			sourceTree = "<group>";
		};
		D2B03A351A2C6CC3009982F8 /* Supporting Files */ = {
			isa = PBXGroup;
			children = (
				D2B03A361A2C6CC3009982F8 /* Info.plist */,
			);
			name = "Supporting Files";
			sourceTree = "<group>";
		};
/* End PBXGroup section */

/* Begin PBXNativeTarget section */
		D2B03A141A2C6CC2009982F8 /* Register */ = {
			isa = PBXNativeTarget;
			buildConfigurationList = D2B03A3B1A2C6CC3009982F8 /* Build configuration list for PBXNativeTarget "Register" */;
			buildPhases = (
				D2B03A111A2C6CC2009982F8 /* Sources */,
				D2B03A121A2C6CC2009982F8 /* Frameworks */,
				D2B03A131A2C6CC2009982F8 /* Resources */,
			);
			buildRules = (
			);
			dependencies = (
			);
			name = Register;
			productName = Register;
			productReference = D2B03A151A2C6CC2009982F8 /* Register.app */;
			productType = "com.apple.product-type.application";
		};
		D2B03A301A2C6CC3009982F8 /* RegisterTests */ = {
			isa = PBXNativeTarget;
			buildConfigurationList = D2B03A3E1A2C6CC3009982F8 /* Build configuration list for PBXNativeTarget "RegisterTests" */;
			buildPhases = (
				D2B03A2D1A2C6CC3009982F8 /* Sources */,
				D2B03A2E1A2C6CC3009982F8 /* Frameworks */,
				D2B03A2F1A2C6CC3009982F8 /* Resources */,
			);
			buildRules = (
			);
			dependencies = (
				D2B03A331A2C6CC3009982F8 /* PBXTargetDependency */,
			);
			name = RegisterTests;
			productName = RegisterTests;
			productReference = D2B03A311A2C6CC3009982F8 /* RegisterTests.xctest */;
			productType = "com.apple.product-type.bundle.unit-test";
		};
/* End PBXNativeTarget section */

/* Begin PBXProject section */
		D2B03A0D1A2C6CC2009982F8 /* Project object */ = {
			isa = PBXProject;
			attributes = {
				LastUpgradeCheck = 0610;
				ORGANIZATIONNAME = "Marek Hrusovsky";
				TargetAttributes = {
					D2B03A141A2C6CC2009982F8 = {
						CreatedOnToolsVersion = 6.1;
					};
					D2B03A301A2C6CC3009982F8 = {
						CreatedOnToolsVersion = 6.1;
						TestTargetID = D2B03A141A2C6CC2009982F8;
					};
				};
			};
			buildConfigurationList = D2B03A101A2C6CC2009982F8 /* Build configuration list for PBXProject "Register" */;
			compatibilityVersion = "Xcode 3.2";
			developmentRegion = English;
			hasScannedForEncodings = 0;
			knownRegions = (
				en,
				Base,
			);
			mainGroup = D2B03A0C1A2C6CC2009982F8;
			productRefGroup = D2B03A161A2C6CC2009982F8 /* Products */;
			projectDirPath = "";
			projectRoot = "";
			targets = (
				D2B03A141A2C6CC2009982F8 /* Register */,
				D2B03A301A2C6CC3009982F8 /* RegisterTests */,
			);
		};
/* End PBXProject section */

/* Begin PBXResourcesBuildPhase section */
		D2B03A131A2C6CC2009982F8 /* Resources */ = {
			isa = PBXResourcesBuildPhase;
			buildActionMask = 2147483647;
			files = (
				D2B03A4A1A2C6E2C009982F8 /* DepartmentViewController.xib in Resources */,
				D2B03A241A2C6CC2009982F8 /* Document.xib in Resources */,
				D2B03A4F1A2C6F8A009982F8 /* EmployeeViewController.xib in Resources */,
				D2B03A291A2C6CC2009982F8 /* Images.xcassets in Resources */,
				D2B03A2C1A2C6CC2009982F8 /* MainMenu.xib in Resources */,
			);
			runOnlyForDeploymentPostprocessing = 0;
		};
		D2B03A2F1A2C6CC3009982F8 /* Resources */ = {
			isa = PBXResourcesBuildPhase;
			buildActionMask = 2147483647;
			files = (
			);
			runOnlyForDeploymentPostprocessing = 0;
		};
/* End PBXResourcesBuildPhase section */

/* Begin PBXSourcesBuildPhase section */
		D2B03A111A2C6CC2009982F8 /* Sources */ = {
			isa = PBXSourcesBuildPhase;
			buildActionMask = 2147483647;
			files = (
				D2B03A271A2C6CC2009982F8 /* Document.xcdatamodeld in Sources */,
				D2B03A441A2C6E11009982F8 /* ManagingViewController.m in Sources */,
				D2B03A4E1A2C6F8A009982F8 /* EmployeeViewController.m in Sources */,
				D2B03A211A2C6CC2009982F8 /* Document.m in Sources */,
				D2B03A1E1A2C6CC2009982F8 /* main.m in Sources */,
				D2B03A581A2C92C3009982F8 /* Employee.m in Sources */,
				D2B03A491A2C6E2C009982F8 /* DepartmentViewController.m in Sources */,
				D2B03A1C1A2C6CC2009982F8 /* AppDelegate.m in Sources */,
				D2B03A5B1A2C92C3009982F8 /* Department.m in Sources */,
			);
			runOnlyForDeploymentPostprocessing = 0;
		};
		D2B03A2D1A2C6CC3009982F8 /* Sources */ = {
			isa = PBXSourcesBuildPhase;
			buildActionMask = 2147483647;
			files = (
				D2B03A381A2C6CC3009982F8 /* RegisterTests.m in Sources */,
			);
			runOnlyForDeploymentPostprocessing = 0;
		};
/* End PBXSourcesBuildPhase section */

/* Begin PBXTargetDependency section */
		D2B03A331A2C6CC3009982F8 /* PBXTargetDependency */ = {
			isa = PBXTargetDependency;
			target = D2B03A141A2C6CC2009982F8 /* Register */;
			targetProxy = D2B03A321A2C6CC3009982F8 /* PBXContainerItemProxy */;
		};
/* End PBXTargetDependency section */

/* Begin PBXVariantGroup section */
		D2B03A221A2C6CC2009982F8 /* Document.xib */ = {
			isa = PBXVariantGroup;
			children = (
				D2B03A231A2C6CC2009982F8 /* Base */,
			);
			name = Document.xib;
			sourceTree = "<group>";
		};
		D2B03A2A1A2C6CC2009982F8 /* MainMenu.xib */ = {
			isa = PBXVariantGroup;
			children = (
				D2B03A2B1A2C6CC2009982F8 /* Base */,
			);
			name = MainMenu.xib;
			sourceTree = "<group>";
		};
/* End PBXVariantGroup section */

/* Begin XCBuildConfiguration section */
		D2B03A391A2C6CC3009982F8 /* Debug */ = {
			isa = XCBuildConfiguration;
			buildSettings = {
				ALWAYS_SEARCH_USER_PATHS = NO;
				CLANG_CXX_LANGUAGE_STANDARD = "gnu++0x";
				CLANG_CXX_LIBRARY = "libc++";
				CLANG_ENABLE_MODULES = YES;
				CLANG_ENABLE_OBJC_ARC = YES;
				CLANG_WARN_BOOL_CONVERSION = YES;
				CLANG_WARN_CONSTANT_CONVERSION = YES;
				CLANG_WARN_DIRECT_OBJC_ISA_USAGE = YES_ERROR;
				CLANG_WARN_EMPTY_BODY = YES;
				CLANG_WARN_ENUM_CONVERSION = YES;
				CLANG_WARN_INT_CONVERSION = YES;
				CLANG_WARN_OBJC_ROOT_CLASS = YES_ERROR;
				CLANG_WARN_UNREACHABLE_CODE = YES;
				CLANG_WARN__DUPLICATE_METHOD_MATCH = YES;
				CODE_SIGN_IDENTITY = "-";
				COPY_PHASE_STRIP = NO;
				ENABLE_STRICT_OBJC_MSGSEND = YES;
				GCC_C_LANGUAGE_STANDARD = gnu99;
				GCC_DYNAMIC_NO_PIC = NO;
				GCC_OPTIMIZATION_LEVEL = 0;
				GCC_PREPROCESSOR_DEFINITIONS = (
					"DEBUG=1",
					"$(inherited)",
				);
				GCC_SYMBOLS_PRIVATE_EXTERN = NO;
				GCC_WARN_64_TO_32_BIT_CONVERSION = YES;
				GCC_WARN_ABOUT_RETURN_TYPE = YES_ERROR;
				GCC_WARN_UNDECLARED_SELECTOR = YES;
				GCC_WARN_UNINITIALIZED_AUTOS = YES_AGGRESSIVE;
				GCC_WARN_UNUSED_FUNCTION = YES;
				GCC_WARN_UNUSED_VARIABLE = YES;
				MACOSX_DEPLOYMENT_TARGET = 10.10;
				MTL_ENABLE_DEBUG_INFO = YES;
				ONLY_ACTIVE_ARCH = YES;
				SDKROOT = macosx;
			};
			name = Debug;
		};
		D2B03A3A1A2C6CC3009982F8 /* Release */ = {
			isa = XCBuildConfiguration;
			buildSettings = {
				ALWAYS_SEARCH_USER_PATHS = NO;
				CLANG_CXX_LANGUAGE_STANDARD = "gnu++0x";
				CLANG_CXX_LIBRARY = "libc++";
				CLANG_ENABLE_MODULES = YES;
				CLANG_ENABLE_OBJC_ARC = YES;
				CLANG_WARN_BOOL_CONVERSION = YES;
				CLANG_WARN_CONSTANT_CONVERSION = YES;
				CLANG_WARN_DIRECT_OBJC_ISA_USAGE = YES_ERROR;
				CLANG_WARN_EMPTY_BODY = YES;
				CLANG_WARN_ENUM_CONVERSION = YES;
				CLANG_WARN_INT_CONVERSION = YES;
				CLANG_WARN_OBJC_ROOT_CLASS = YES_ERROR;
				CLANG_WARN_UNREACHABLE_CODE = YES;
				CLANG_WARN__DUPLICATE_METHOD_MATCH = YES;
				CODE_SIGN_IDENTITY = "-";
				COPY_PHASE_STRIP = YES;
				DEBUG_INFORMATION_FORMAT = "dwarf-with-dsym";
				ENABLE_NS_ASSERTIONS = NO;
				ENABLE_STRICT_OBJC_MSGSEND = YES;
				GCC_C_LANGUAGE_STANDARD = gnu99;
				GCC_WARN_64_TO_32_BIT_CONVERSION = YES;
				GCC_WARN_ABOUT_RETURN_TYPE = YES_ERROR;
				GCC_WARN_UNDECLARED_SELECTOR = YES;
				GCC_WARN_UNINITIALIZED_AUTOS = YES_AGGRESSIVE;
				GCC_WARN_UNUSED_FUNCTION = YES;
				GCC_WARN_UNUSED_VARIABLE = YES;
				MACOSX_DEPLOYMENT_TARGET = 10.10;
				MTL_ENABLE_DEBUG_INFO = NO;
				SDKROOT = macosx;
			};
			name = Release;
		};
		D2B03A3C1A2C6CC3009982F8 /* Debug */ = {
			isa = XCBuildConfiguration;
			buildSettings = {
				ASSETCATALOG_COMPILER_APPICON_NAME = AppIcon;
				COMBINE_HIDPI_IMAGES = YES;
				INFOPLIST_FILE = Register/Info.plist;
				LD_RUNPATH_SEARCH_PATHS = "$(inherited) @executable_path/../Frameworks";
				PRODUCT_NAME = "$(TARGET_NAME)";
			};
			name = Debug;
		};
		D2B03A3D1A2C6CC3009982F8 /* Release */ = {
			isa = XCBuildConfiguration;
			buildSettings = {
				ASSETCATALOG_COMPILER_APPICON_NAME = AppIcon;
				COMBINE_HIDPI_IMAGES = YES;
				INFOPLIST_FILE = Register/Info.plist;
				LD_RUNPATH_SEARCH_PATHS = "$(inherited) @executable_path/../Frameworks";
				PRODUCT_NAME = "$(TARGET_NAME)";
			};
			name = Release;
		};
		D2B03A3F1A2C6CC3009982F8 /* Debug */ = {
			isa = XCBuildConfiguration;
			buildSettings = {
				BUNDLE_LOADER = "$(TEST_HOST)";
				COMBINE_HIDPI_IMAGES = YES;
				FRAMEWORK_SEARCH_PATHS = (
					"$(DEVELOPER_FRAMEWORKS_DIR)",
					"$(inherited)",
				);
				GCC_PREPROCESSOR_DEFINITIONS = (
					"DEBUG=1",
					"$(inherited)",
				);
				INFOPLIST_FILE = RegisterTests/Info.plist;
				LD_RUNPATH_SEARCH_PATHS = "$(inherited) @executable_path/../Frameworks @loader_path/../Frameworks";
				PRODUCT_NAME = "$(TARGET_NAME)";
				TEST_HOST = "$(BUILT_PRODUCTS_DIR)/Register.app/Contents/MacOS/Register";
			};
			name = Debug;
		};
		D2B03A401A2C6CC3009982F8 /* Release */ = {
			isa = XCBuildConfiguration;
			buildSettings = {
				BUNDLE_LOADER = "$(TEST_HOST)";
				COMBINE_HIDPI_IMAGES = YES;
				FRAMEWORK_SEARCH_PATHS = (
					"$(DEVELOPER_FRAMEWORKS_DIR)",
					"$(inherited)",
				);
				INFOPLIST_FILE = RegisterTests/Info.plist;
				LD_RUNPATH_SEARCH_PATHS = "$(inherited) @executable_path/../Frameworks @loader_path/../Frameworks";
				PRODUCT_NAME = "$(TARGET_NAME)";
				TEST_HOST = "$(BUILT_PRODUCTS_DIR)/Register.app/Contents/MacOS/Register";
			};
			name = Release;
		};
/* End XCBuildConfiguration section */

/* Begin XCConfigurationList section */
		D2B03A101A2C6CC2009982F8 /* Build configuration list for PBXProject "Register" */ = {
			isa = XCConfigurationList;
			buildConfigurations = (
				D2B03A391A2C6CC3009982F8 /* Debug */,
				D2B03A3A1A2C6CC3009982F8 /* Release */,
			);
			defaultConfigurationIsVisible = 0;
			defaultConfigurationName = Release;
		};
		D2B03A3B1A2C6CC3009982F8 /* Build configuration list for PBXNativeTarget "Register" */ = {
			isa = XCConfigurationList;
			buildConfigurations = (
				D2B03A3C1A2C6CC3009982F8 /* Debug */,
				D2B03A3D1A2C6CC3009982F8 /* Release */,
			);
			defaultConfigurationIsVisible = 0;
		};
		D2B03A3E1A2C6CC3009982F8 /* Build configuration list for PBXNativeTarget "RegisterTests" */ = {
			isa = XCConfigurationList;
			buildConfigurations = (
				D2B03A3F1A2C6CC3009982F8 /* Debug */,
				D2B03A401A2C6CC3009982F8 /* Release */,
			);
			defaultConfigurationIsVisible = 0;
		};
/* End XCConfigurationList section */

/* Begin XCVersionGroup section */
		D2B03A251A2C6CC2009982F8 /* Document.xcdatamodeld */ = {
			isa = XCVersionGroup;
			children = (
				D2B03A261A2C6CC2009982F8 /* Document.xcdatamodel */,
			);
			currentVersion = D2B03A261A2C6CC2009982F8 /* Document.xcdatamodel */;
			path = Document.xcdatamodeld;
			sourceTree = "<group>";
			versionGroupType = wrapper.xcdatamodel;
		};
/* End XCVersionGroup section */
	};
	rootObject = D2B03A0D1A2C6CC2009982F8 /* Project object */;
}
